
Microsoft Visual Studio Solution File, Format Version 12.00
# Visual Studio Version 16
VisualStudioVersion = 16.0.31005.135
MinimumVisualStudioVersion = 10.0.40219.1
Project("{FAE04EC0-301F-11D3-BF4B-00C04F79EFBC}") = "CRUD_02", "CRUD_02\CRUD_02.csproj", "{FE131E65-8E5E-4AFF-9D81-A2E8E16E07F3}"
EndProject
Global
	GlobalSection(SolutionConfigurationPlatforms) = preSolution
		Debug|Any CPU = Debug|Any CPU
		Release|Any CPU = Release|Any CPU
	EndGlobalSection
	GlobalSection(ProjectConfigurationPlatforms) = postSolution
		{FE131E65-8E5E-4AFF-9D81-A2E8E16E07F3}.Debug|Any CPU.ActiveCfg = Debug|Any CPU
		{FE131E65-8E5E-4AFF-9D81-A2E8E16E07F3}.Debug|Any CPU.Build.0 = Debug|Any CPU
		{FE131E65-8E5E-4AFF-9D81-A2E8E16E07F3}.Release|Any CPU.ActiveCfg = Release|Any CPU
		{FE131E65-8E5E-4AFF-9D81-A2E8E16E07F3}.Release|Any CPU.Build.0 = Release|Any CPU
	EndGlobalSection
	GlobalSection(SolutionProperties) = preSolution
		HideSolutionNode = FALSE
	EndGlobalSection
	GlobalSection(ExtensibilityGlobals) = postSolution
		SolutionGuid = {CD160463-BA44-4EFC-880C-47C22D453764}
	EndGlobalSection
EndGlobal
