
Microsoft Visual Studio Solution File, Format Version 12.00
# Visual Studio Version 16
VisualStudioVersion = 16.0.31424.327
MinimumVisualStudioVersion = 10.0.40219.1
Project("{FAE04EC0-301F-11D3-BF4B-00C04F79EFBC}") = "ConsultasMVCWeb", "ConsultasMVCWeb\ConsultasMVCWeb.csproj", "{00AF72A0-AB92-45CF-910D-0FEE6A3702BE}"
EndProject
Global
	GlobalSection(SolutionConfigurationPlatforms) = preSolution
		Debug|Any CPU = Debug|Any CPU
		Release|Any CPU = Release|Any CPU
	EndGlobalSection
	GlobalSection(ProjectConfigurationPlatforms) = postSolution
		{00AF72A0-AB92-45CF-910D-0FEE6A3702BE}.Debug|Any CPU.ActiveCfg = Debug|Any CPU
		{00AF72A0-AB92-45CF-910D-0FEE6A3702BE}.Debug|Any CPU.Build.0 = Debug|Any CPU
		{00AF72A0-AB92-45CF-910D-0FEE6A3702BE}.Release|Any CPU.ActiveCfg = Release|Any CPU
		{00AF72A0-AB92-45CF-910D-0FEE6A3702BE}.Release|Any CPU.Build.0 = Release|Any CPU
	EndGlobalSection
	GlobalSection(SolutionProperties) = preSolution
		HideSolutionNode = FALSE
	EndGlobalSection
	GlobalSection(ExtensibilityGlobals) = postSolution
		SolutionGuid = {3A9B4DB1-584F-4BEF-B482-B67CF09397DE}
	EndGlobalSection
EndGlobal
